// !$*UTF8*$!
{
	archiveVersion = 1;
	classes = {
	};
	objectVersion = 55;
	objects = {

/* Begin PBXBuildFile section */
		842937C727B2CE730007A48F /* ListLedView.swift in Sources */ = {isa = PBXBuildFile; fileRef = 842937C627B2CE730007A48F /* ListLedView.swift */; };
		842937CD27B2D3B00007A48F /* HapticTronomeLogoBis.svg in Resources */ = {isa = PBXBuildFile; fileRef = 842937CC27B2D3B00007A48F /* HapticTronomeLogoBis.svg */; };
		842937CF27B2DC760007A48F /* TempoButton.swift in Sources */ = {isa = PBXBuildFile; fileRef = 842937CE27B2DC760007A48F /* TempoButton.swift */; };
		84964DC227B2B3B000F57CA6 /* LedView.swift in Sources */ = {isa = PBXBuildFile; fileRef = 84964DC127B2B3B000F57CA6 /* LedView.swift */; };
		84E993A227B1AE4300F83F10 /* HapticTronomeApp.swift in Sources */ = {isa = PBXBuildFile; fileRef = 84E993A127B1AE4300F83F10 /* HapticTronomeApp.swift */; };
		84E993A427B1AE4300F83F10 /* ContentView.swift in Sources */ = {isa = PBXBuildFile; fileRef = 84E993A327B1AE4300F83F10 /* ContentView.swift */; };
		84E993A627B1AE4400F83F10 /* Assets.xcassets in Resources */ = {isa = PBXBuildFile; fileRef = 84E993A527B1AE4400F83F10 /* Assets.xcassets */; };
		84E993A927B1AE4400F83F10 /* Preview Assets.xcassets in Resources */ = {isa = PBXBuildFile; fileRef = 84E993A827B1AE4400F83F10 /* Preview Assets.xcassets */; };
		84E993B327B1BC2800F83F10 /* ButtonAction.swift in Sources */ = {isa = PBXBuildFile; fileRef = 84E993B227B1BC2800F83F10 /* ButtonAction.swift */; };
/* End PBXBuildFile section */

/* Begin PBXFileReference section */
		842937C627B2CE730007A48F /* ListLedView.swift */ = {isa = PBXFileReference; lastKnownFileType = sourcecode.swift; path = ListLedView.swift; sourceTree = "<group>"; };
		842937CC27B2D3B00007A48F /* HapticTronomeLogoBis.svg */ = {isa = PBXFileReference; fileEncoding = 4; lastKnownFileType = text; path = HapticTronomeLogoBis.svg; sourceTree = "<group>"; };
		842937CE27B2DC760007A48F /* TempoButton.swift */ = {isa = PBXFileReference; lastKnownFileType = sourcecode.swift; path = TempoButton.swift; sourceTree = "<group>"; };
		84964DC127B2B3B000F57CA6 /* LedView.swift */ = {isa = PBXFileReference; lastKnownFileType = sourcecode.swift; path = LedView.swift; sourceTree = "<group>"; };
		84E9939E27B1AE4300F83F10 /* HapticTronome.app */ = {isa = PBXFileReference; explicitFileType = wrapper.application; includeInIndex = 0; path = HapticTronome.app; sourceTree = BUILT_PRODUCTS_DIR; };
		84E993A127B1AE4300F83F10 /* HapticTronomeApp.swift */ = {isa = PBXFileReference; lastKnownFileType = sourcecode.swift; path = HapticTronomeApp.swift; sourceTree = "<group>"; };
		84E993A327B1AE4300F83F10 /* ContentView.swift */ = {isa = PBXFileReference; lastKnownFileType = sourcecode.swift; path = ContentView.swift; sourceTree = "<group>"; };
		84E993A527B1AE4400F83F10 /* Assets.xcassets */ = {isa = PBXFileReference; lastKnownFileType = folder.assetcatalog; path = Assets.xcassets; sourceTree = "<group>"; };
		84E993A827B1AE4400F83F10 /* Preview Assets.xcassets */ = {isa = PBXFileReference; lastKnownFileType = folder.assetcatalog; path = "Preview Assets.xcassets"; sourceTree = "<group>"; };
		84E993B227B1BC2800F83F10 /* ButtonAction.swift */ = {isa = PBXFileReference; lastKnownFileType = sourcecode.swift; path = ButtonAction.swift; sourceTree = "<group>"; };
/* End PBXFileReference section */

/* Begin PBXFrameworksBuildPhase section */
		84E9939B27B1AE4300F83F10 /* Frameworks */ = {
			isa = PBXFrameworksBuildPhase;
			buildActionMask = 2147483647;
			files = (
			);
			runOnlyForDeploymentPostprocessing = 0;
		};
/* End PBXFrameworksBuildPhase section */

/* Begin PBXGroup section */
		84964DBE27B29BE400F57CA6 /* Styles */ = {
			isa = PBXGroup;
			children = (
				84E993B227B1BC2800F83F10 /* ButtonAction.swift */,
			);
			path = Styles;
			sourceTree = "<group>";
		};
		84E9939527B1AE4300F83F10 = {
			isa = PBXGroup;
			children = (
				84E993A027B1AE4300F83F10 /* HapticTronome */,
				84E9939F27B1AE4300F83F10 /* Products */,
			);
			sourceTree = "<group>";
		};
		84E9939F27B1AE4300F83F10 /* Products */ = {
			isa = PBXGroup;
			children = (
				84E9939E27B1AE4300F83F10 /* HapticTronome.app */,
			);
			name = Products;
			sourceTree = "<group>";
		};
		84E993A027B1AE4300F83F10 /* HapticTronome */ = {
			isa = PBXGroup;
			children = (
				84E993B127B1B5C900F83F10 /* Controllers */,
				84E993B027B1B5BC00F83F10 /* Views */,
				84E993AF27B1B5AC00F83F10 /* Models */,
				84E993A527B1AE4400F83F10 /* Assets.xcassets */,
				84E993A727B1AE4400F83F10 /* Preview Content */,
			);
			path = HapticTronome;
			sourceTree = "<group>";
		};
		84E993A727B1AE4400F83F10 /* Preview Content */ = {
			isa = PBXGroup;
			children = (
				84E993A827B1AE4400F83F10 /* Preview Assets.xcassets */,
			);
			path = "Preview Content";
			sourceTree = "<group>";
		};
		84E993AF27B1B5AC00F83F10 /* Models */ = {
			isa = PBXGroup;
			children = (
				842937CC27B2D3B00007A48F /* HapticTronomeLogoBis.svg */,
			);
			path = Models;
			sourceTree = "<group>";
		};
		84E993B027B1B5BC00F83F10 /* Views */ = {
			isa = PBXGroup;
			children = (
				84E993A327B1AE4300F83F10 /* ContentView.swift */,
				842937CE27B2DC760007A48F /* TempoButton.swift */,
				842937C627B2CE730007A48F /* ListLedView.swift */,
				84964DC127B2B3B000F57CA6 /* LedView.swift */,
				84964DBE27B29BE400F57CA6 /* Styles */,
			);
			path = Views;
			sourceTree = "<group>";
		};
		84E993B127B1B5C900F83F10 /* Controllers */ = {
			isa = PBXGroup;
			children = (
				84E993A127B1AE4300F83F10 /* HapticTronomeApp.swift */,
			);
			path = Controllers;
			sourceTree = "<group>";
		};
/* End PBXGroup section */

/* Begin PBXNativeTarget section */
		84E9939D27B1AE4300F83F10 /* HapticTronome */ = {
			isa = PBXNativeTarget;
			buildConfigurationList = 84E993AC27B1AE4400F83F10 /* Build configuration list for PBXNativeTarget "HapticTronome" */;
			buildPhases = (
				84E9939A27B1AE4300F83F10 /* Sources */,
				84E9939B27B1AE4300F83F10 /* Frameworks */,
				84E9939C27B1AE4300F83F10 /* Resources */,
			);
			buildRules = (
			);
			dependencies = (
			);
			name = HapticTronome;
			productName = HapticTronome;
			productReference = 84E9939E27B1AE4300F83F10 /* HapticTronome.app */;
			productType = "com.apple.product-type.application";
		};
/* End PBXNativeTarget section */

/* Begin PBXProject section */
		84E9939627B1AE4300F83F10 /* Project object */ = {
			isa = PBXProject;
			attributes = {
				BuildIndependentTargetsInParallel = 1;
				LastSwiftUpdateCheck = 1320;
				LastUpgradeCheck = 1320;
				TargetAttributes = {
					84E9939D27B1AE4300F83F10 = {
						CreatedOnToolsVersion = 13.2.1;
					};
				};
			};
			buildConfigurationList = 84E9939927B1AE4300F83F10 /* Build configuration list for PBXProject "HapticTronome" */;
			compatibilityVersion = "Xcode 13.0";
			developmentRegion = en;
			hasScannedForEncodings = 0;
			knownRegions = (
				en,
				Base,
			);
			mainGroup = 84E9939527B1AE4300F83F10;
			productRefGroup = 84E9939F27B1AE4300F83F10 /* Products */;
			projectDirPath = "";
			projectRoot = "";
			targets = (
				84E9939D27B1AE4300F83F10 /* HapticTronome */,
			);
		};
/* End PBXProject section */

/* Begin PBXResourcesBuildPhase section */
		84E9939C27B1AE4300F83F10 /* Resources */ = {
			isa = PBXResourcesBuildPhase;
			buildActionMask = 2147483647;
			files = (
				84E993A927B1AE4400F83F10 /* Preview Assets.xcassets in Resources */,
				842937CD27B2D3B00007A48F /* HapticTronomeLogoBis.svg in Resources */,
				84E993A627B1AE4400F83F10 /* Assets.xcassets in Resources */,
			);
			runOnlyForDeploymentPostprocessing = 0;
		};
/* End PBXResourcesBuildPhase section */

/* Begin PBXSourcesBuildPhase section */
		84E9939A27B1AE4300F83F10 /* Sources */ = {
			isa = PBXSourcesBuildPhase;
			buildActionMask = 2147483647;
			files = (
				84964DC227B2B3B000F57CA6 /* LedView.swift in Sources */,
				84E993A427B1AE4300F83F10 /* ContentView.swift in Sources */,
				842937C727B2CE730007A48F /* ListLedView.swift in Sources */,
				842937CF27B2DC760007A48F /* TempoButton.swift in Sources */,
				84E993B327B1BC2800F83F10 /* ButtonAction.swift in Sources */,
				84E993A227B1AE4300F83F10 /* HapticTronomeApp.swift in Sources */,
			);
			runOnlyForDeploymentPostprocessing = 0;
		};
/* End PBXSourcesBuildPhase section */

/* Begin XCBuildConfiguration section */
		84E993AA27B1AE4400F83F10 /* Debug */ = {
			isa = XCBuildConfiguration;
			buildSettings = {
				ALWAYS_SEARCH_USER_PATHS = NO;
				CLANG_ANALYZER_NONNULL = YES;
				CLANG_ANALYZER_NUMBER_OBJECT_CONVERSION = YES_AGGRESSIVE;
				CLANG_CXX_LANGUAGE_STANDARD = "gnu++17";
				CLANG_CXX_LIBRARY = "libc++";
				CLANG_ENABLE_MODULES = YES;
				CLANG_ENABLE_OBJC_ARC = YES;
				CLANG_ENABLE_OBJC_WEAK = YES;
				CLANG_WARN_BLOCK_CAPTURE_AUTORELEASING = YES;
				CLANG_WARN_BOOL_CONVERSION = YES;
				CLANG_WARN_COMMA = YES;
				CLANG_WARN_CONSTANT_CONVERSION = YES;
				CLANG_WARN_DEPRECATED_OBJC_IMPLEMENTATIONS = YES;
				CLANG_WARN_DIRECT_OBJC_ISA_USAGE = YES_ERROR;
				CLANG_WARN_DOCUMENTATION_COMMENTS = YES;
				CLANG_WARN_EMPTY_BODY = YES;
				CLANG_WARN_ENUM_CONVERSION = YES;
				CLANG_WARN_INFINITE_RECURSION = YES;
				CLANG_WARN_INT_CONVERSION = YES;
				CLANG_WARN_NON_LITERAL_NULL_CONVERSION = YES;
				CLANG_WARN_OBJC_IMPLICIT_RETAIN_SELF = YES;
				CLANG_WARN_OBJC_LITERAL_CONVERSION = YES;
				CLANG_WARN_OBJC_ROOT_CLASS = YES_ERROR;
				CLANG_WARN_QUOTED_INCLUDE_IN_FRAMEWORK_HEADER = YES;
				CLANG_WARN_RANGE_LOOP_ANALYSIS = YES;
				CLANG_WARN_STRICT_PROTOTYPES = YES;
				CLANG_WARN_SUSPICIOUS_MOVE = YES;
				CLANG_WARN_UNGUARDED_AVAILABILITY = YES_AGGRESSIVE;
				CLANG_WARN_UNREACHABLE_CODE = YES;
				CLANG_WARN__DUPLICATE_METHOD_MATCH = YES;
				COPY_PHASE_STRIP = NO;
				DEBUG_INFORMATION_FORMAT = dwarf;
				ENABLE_STRICT_OBJC_MSGSEND = YES;
				ENABLE_TESTABILITY = YES;
				GCC_C_LANGUAGE_STANDARD = gnu11;
				GCC_DYNAMIC_NO_PIC = NO;
				GCC_NO_COMMON_BLOCKS = YES;
				GCC_OPTIMIZATION_LEVEL = 0;
				GCC_PREPROCESSOR_DEFINITIONS = (
					"DEBUG=1",
					"$(inherited)",
				);
				GCC_WARN_64_TO_32_BIT_CONVERSION = YES;
				GCC_WARN_ABOUT_RETURN_TYPE = YES_ERROR;
				GCC_WARN_UNDECLARED_SELECTOR = YES;
				GCC_WARN_UNINITIALIZED_AUTOS = YES_AGGRESSIVE;
				GCC_WARN_UNUSED_FUNCTION = YES;
				GCC_WARN_UNUSED_VARIABLE = YES;
				IPHONEOS_DEPLOYMENT_TARGET = 15.2;
				MTL_ENABLE_DEBUG_INFO = INCLUDE_SOURCE;
				MTL_FAST_MATH = YES;
				ONLY_ACTIVE_ARCH = YES;
				SDKROOT = iphoneos;
				SWIFT_ACTIVE_COMPILATION_CONDITIONS = DEBUG;
				SWIFT_OPTIMIZATION_LEVEL = "-Onone";
			};
			name = Debug;
		};
		84E993AB27B1AE4400F83F10 /* Release */ = {
			isa = XCBuildConfiguration;
			buildSettings = {
				ALWAYS_SEARCH_USER_PATHS = NO;
				CLANG_ANALYZER_NONNULL = YES;
				CLANG_ANALYZER_NUMBER_OBJECT_CONVERSION = YES_AGGRESSIVE;
				CLANG_CXX_LANGUAGE_STANDARD = "gnu++17";
				CLANG_CXX_LIBRARY = "libc++";
				CLANG_ENABLE_MODULES = YES;
				CLANG_ENABLE_OBJC_ARC = YES;
				CLANG_ENABLE_OBJC_WEAK = YES;
				CLANG_WARN_BLOCK_CAPTURE_AUTORELEASING = YES;
				CLANG_WARN_BOOL_CONVERSION = YES;
				CLANG_WARN_COMMA = YES;
				CLANG_WARN_CONSTANT_CONVERSION = YES;
				CLANG_WARN_DEPRECATED_OBJC_IMPLEMENTATIONS = YES;
				CLANG_WARN_DIRECT_OBJC_ISA_USAGE = YES_ERROR;
				CLANG_WARN_DOCUMENTATION_COMMENTS = YES;
				CLANG_WARN_EMPTY_BODY = YES;
				CLANG_WARN_ENUM_CONVERSION = YES;
				CLANG_WARN_INFINITE_RECURSION = YES;
				CLANG_WARN_INT_CONVERSION = YES;
				CLANG_WARN_NON_LITERAL_NULL_CONVERSION = YES;
				CLANG_WARN_OBJC_IMPLICIT_RETAIN_SELF = YES;
				CLANG_WARN_OBJC_LITERAL_CONVERSION = YES;
				CLANG_WARN_OBJC_ROOT_CLASS = YES_ERROR;
				CLANG_WARN_QUOTED_INCLUDE_IN_FRAMEWORK_HEADER = YES;
				CLANG_WARN_RANGE_LOOP_ANALYSIS = YES;
				CLANG_WARN_STRICT_PROTOTYPES = YES;
				CLANG_WARN_SUSPICIOUS_MOVE = YES;
				CLANG_WARN_UNGUARDED_AVAILABILITY = YES_AGGRESSIVE;
				CLANG_WARN_UNREACHABLE_CODE = YES;
				CLANG_WARN__DUPLICATE_METHOD_MATCH = YES;
				COPY_PHASE_STRIP = NO;
				DEBUG_INFORMATION_FORMAT = "dwarf-with-dsym";
				ENABLE_NS_ASSERTIONS = NO;
				ENABLE_STRICT_OBJC_MSGSEND = YES;
				GCC_C_LANGUAGE_STANDARD = gnu11;
				GCC_NO_COMMON_BLOCKS = YES;
				GCC_WARN_64_TO_32_BIT_CONVERSION = YES;
				GCC_WARN_ABOUT_RETURN_TYPE = YES_ERROR;
				GCC_WARN_UNDECLARED_SELECTOR = YES;
				GCC_WARN_UNINITIALIZED_AUTOS = YES_AGGRESSIVE;
				GCC_WARN_UNUSED_FUNCTION = YES;
				GCC_WARN_UNUSED_VARIABLE = YES;
				IPHONEOS_DEPLOYMENT_TARGET = 15.2;
				MTL_ENABLE_DEBUG_INFO = NO;
				MTL_FAST_MATH = YES;
				SDKROOT = iphoneos;
				SWIFT_COMPILATION_MODE = wholemodule;
				SWIFT_OPTIMIZATION_LEVEL = "-O";
				VALIDATE_PRODUCT = YES;
			};
			name = Release;
		};
		84E993AD27B1AE4400F83F10 /* Debug */ = {
			isa = XCBuildConfiguration;
			buildSettings = {
				ASSETCATALOG_COMPILER_APPICON_NAME = AppIcon;
				ASSETCATALOG_COMPILER_GLOBAL_ACCENT_COLOR_NAME = AccentColor;
				CODE_SIGN_STYLE = Automatic;
				CURRENT_PROJECT_VERSION = 1;
				DEVELOPMENT_ASSET_PATHS = "\"HapticTronome/Preview Content\"";
				DEVELOPMENT_TEAM = 748Z57AM2S;
				ENABLE_PREVIEWS = YES;
				GENERATE_INFOPLIST_FILE = YES;
				INFOPLIST_KEY_UIApplicationSceneManifest_Generation = YES;
				INFOPLIST_KEY_UIApplicationSupportsIndirectInputEvents = YES;
				INFOPLIST_KEY_UILaunchScreen_Generation = YES;
				INFOPLIST_KEY_UISupportedInterfaceOrientations_iPad = "UIInterfaceOrientationPortrait UIInterfaceOrientationPortraitUpsideDown UIInterfaceOrientationLandscapeLeft UIInterfaceOrientationLandscapeRight";
				INFOPLIST_KEY_UISupportedInterfaceOrientations_iPhone = "UIInterfaceOrientationPortrait UIInterfaceOrientationLandscapeLeft UIInterfaceOrientationLandscapeRight";
				LD_RUNPATH_SEARCH_PATHS = (
					"$(inherited)",
					"@executable_path/Frameworks",
				);
				MARKETING_VERSION = 1.0;
				PRODUCT_BUNDLE_IDENTIFIER = com.gwendal.HapticTronome;
				PRODUCT_NAME = "$(TARGET_NAME)";
				SWIFT_EMIT_LOC_STRINGS = YES;
				SWIFT_VERSION = 5.0;
				TARGETED_DEVICE_FAMILY = "1,2";
			};
			name = Debug;
		};
		84E993AE27B1AE4400F83F10 /* Release */ = {
			isa = XCBuildConfiguration;
			buildSettings = {
				ASSETCATALOG_COMPILER_APPICON_NAME = AppIcon;
				ASSETCATALOG_COMPILER_GLOBAL_ACCENT_COLOR_NAME = AccentColor;
				CODE_SIGN_STYLE = Automatic;
				CURRENT_PROJECT_VERSION = 1;
				DEVELOPMENT_ASSET_PATHS = "\"HapticTronome/Preview Content\"";
				DEVELOPMENT_TEAM = 748Z57AM2S;
				ENABLE_PREVIEWS = YES;
				GENERATE_INFOPLIST_FILE = YES;
				INFOPLIST_KEY_UIApplicationSceneManifest_Generation = YES;
				INFOPLIST_KEY_UIApplicationSupportsIndirectInputEvents = YES;
				INFOPLIST_KEY_UILaunchScreen_Generation = YES;
				INFOPLIST_KEY_UISupportedInterfaceOrientations_iPad = "UIInterfaceOrientationPortrait UIInterfaceOrientationPortraitUpsideDown UIInterfaceOrientationLandscapeLeft UIInterfaceOrientationLandscapeRight";
				INFOPLIST_KEY_UISupportedInterfaceOrientations_iPhone = "UIInterfaceOrientationPortrait UIInterfaceOrientationLandscapeLeft UIInterfaceOrientationLandscapeRight";
				LD_RUNPATH_SEARCH_PATHS = (
					"$(inherited)",
					"@executable_path/Frameworks",
				);
				MARKETING_VERSION = 1.0;
				PRODUCT_BUNDLE_IDENTIFIER = com.gwendal.HapticTronome;
				PRODUCT_NAME = "$(TARGET_NAME)";
				SWIFT_EMIT_LOC_STRINGS = YES;
				SWIFT_VERSION = 5.0;
				TARGETED_DEVICE_FAMILY = "1,2";
			};
			name = Release;
		};
/* End XCBuildConfiguration section */

/* Begin XCConfigurationList section */
		84E9939927B1AE4300F83F10 /* Build configuration list for PBXProject "HapticTronome" */ = {
			isa = XCConfigurationList;
			buildConfigurations = (
				84E993AA27B1AE4400F83F10 /* Debug */,
				84E993AB27B1AE4400F83F10 /* Release */,
			);
			defaultConfigurationIsVisible = 0;
			defaultConfigurationName = Release;
		};
		84E993AC27B1AE4400F83F10 /* Build configuration list for PBXNativeTarget "HapticTronome" */ = {
			isa = XCConfigurationList;
			buildConfigurations = (
				84E993AD27B1AE4400F83F10 /* Debug */,
				84E993AE27B1AE4400F83F10 /* Release */,
			);
			defaultConfigurationIsVisible = 0;
			defaultConfigurationName = Release;
		};
/* End XCConfigurationList section */
	};
	rootObject = 84E9939627B1AE4300F83F10 /* Project object */;
}
